
Microsoft Visual Studio Solution File, Format Version 12.00
# Visual Studio Version 16
VisualStudioVersion = 16.0.31911.196
MinimumVisualStudioVersion = 10.0.40219.1
Project("{9A19103F-16F7-4668-BE54-9A1E7A4F7556}") = "ShopsRU.Api", "ShopsRU.Api\ShopsRU.Api.csproj", "{33FF209B-D278-4FCD-B58C-283C70DD7961}"
EndProject
Project("{2150E333-8FDC-42A3-9474-1A3956D46DE8}") = "References", "References", "{10168E7E-2D63-47CC-8B1F-1D9508EE1C34}"
EndProject
Project("{2150E333-8FDC-42A3-9474-1A3956D46DE8}") = "src", "src", "{71B73D96-0D30-4BEE-B5C5-03881D79CCB1}"
EndProject
Project("{9A19103F-16F7-4668-BE54-9A1E7A4F7556}") = "ShopsRU.PL", "ShopsRU.PL\ShopsRU.PL.csproj", "{0F5461D4-24C5-4E9E-97DA-EDBFAACCE121}"
EndProject
Project("{9A19103F-16F7-4668-BE54-9A1E7A4F7556}") = "ShopsRU.BLL", "ShopsRU.BLL\ShopsRU.BLL.csproj", "{35EEF587-1DFF-49ED-8A4C-601854983AB0}"
EndProject
Project("{9A19103F-16F7-4668-BE54-9A1E7A4F7556}") = "Contracts", "Contracts\Contracts.csproj", "{91DDD13E-6025-4254-BEBE-85A31C05916B}"
EndProject
Project("{2150E333-8FDC-42A3-9474-1A3956D46DE8}") = "Db", "Db", "{101B3F34-5784-499E-AF8A-C06F94A2755B}"
EndProject
Project("{9A19103F-16F7-4668-BE54-9A1E7A4F7556}") = "Dao.ShopsRuDb.DAL", "Dao.ShopsRuDb.DAL\Dao.ShopsRuDb.DAL.csproj", "{1972BD34-A850-4DAB-87A4-2219D99E8B50}"
EndProject
Project("{9A19103F-16F7-4668-BE54-9A1E7A4F7556}") = "Dao.ShopsRuDb.DALMANAGER", "Dao.ShopsRuDb.DALMANAGER\Dao.ShopsRuDb.DALMANAGER.csproj", "{16A6FF27-285D-4B88-AF4C-600CAF4F259D}"
EndProject
Project("{2150E333-8FDC-42A3-9474-1A3956D46DE8}") = "test", "test", "{5576F094-4BF6-4E62-BBB4-2FF2EF880B38}"
EndProject
Project("{FAE04EC0-301F-11D3-BF4B-00C04F79EFBC}") = "ShopsRU.Test", "ShopsRU.Test\ShopsRU.Test.csproj", "{D6B6B3D6-4186-4F47-B082-3741AC9FB3E6}"
EndProject
Global
	GlobalSection(SolutionConfigurationPlatforms) = preSolution
		Debug|Any CPU = Debug|Any CPU
		Release|Any CPU = Release|Any CPU
	EndGlobalSection
	GlobalSection(ProjectConfigurationPlatforms) = postSolution
		{33FF209B-D278-4FCD-B58C-283C70DD7961}.Debug|Any CPU.ActiveCfg = Debug|Any CPU
		{33FF209B-D278-4FCD-B58C-283C70DD7961}.Debug|Any CPU.Build.0 = Debug|Any CPU
		{33FF209B-D278-4FCD-B58C-283C70DD7961}.Release|Any CPU.ActiveCfg = Release|Any CPU
		{33FF209B-D278-4FCD-B58C-283C70DD7961}.Release|Any CPU.Build.0 = Release|Any CPU
		{0F5461D4-24C5-4E9E-97DA-EDBFAACCE121}.Debug|Any CPU.ActiveCfg = Debug|Any CPU
		{0F5461D4-24C5-4E9E-97DA-EDBFAACCE121}.Debug|Any CPU.Build.0 = Debug|Any CPU
		{0F5461D4-24C5-4E9E-97DA-EDBFAACCE121}.Release|Any CPU.ActiveCfg = Release|Any CPU
		{0F5461D4-24C5-4E9E-97DA-EDBFAACCE121}.Release|Any CPU.Build.0 = Release|Any CPU
		{35EEF587-1DFF-49ED-8A4C-601854983AB0}.Debug|Any CPU.ActiveCfg = Debug|Any CPU
		{35EEF587-1DFF-49ED-8A4C-601854983AB0}.Debug|Any CPU.Build.0 = Debug|Any CPU
		{35EEF587-1DFF-49ED-8A4C-601854983AB0}.Release|Any CPU.ActiveCfg = Release|Any CPU
		{35EEF587-1DFF-49ED-8A4C-601854983AB0}.Release|Any CPU.Build.0 = Release|Any CPU
		{91DDD13E-6025-4254-BEBE-85A31C05916B}.Debug|Any CPU.ActiveCfg = Debug|Any CPU
		{91DDD13E-6025-4254-BEBE-85A31C05916B}.Debug|Any CPU.Build.0 = Debug|Any CPU
		{91DDD13E-6025-4254-BEBE-85A31C05916B}.Release|Any CPU.ActiveCfg = Release|Any CPU
		{91DDD13E-6025-4254-BEBE-85A31C05916B}.Release|Any CPU.Build.0 = Release|Any CPU
		{1972BD34-A850-4DAB-87A4-2219D99E8B50}.Debug|Any CPU.ActiveCfg = Debug|Any CPU
		{1972BD34-A850-4DAB-87A4-2219D99E8B50}.Debug|Any CPU.Build.0 = Debug|Any CPU
		{1972BD34-A850-4DAB-87A4-2219D99E8B50}.Release|Any CPU.ActiveCfg = Release|Any CPU
		{1972BD34-A850-4DAB-87A4-2219D99E8B50}.Release|Any CPU.Build.0 = Release|Any CPU
		{16A6FF27-285D-4B88-AF4C-600CAF4F259D}.Debug|Any CPU.ActiveCfg = Debug|Any CPU
		{16A6FF27-285D-4B88-AF4C-600CAF4F259D}.Debug|Any CPU.Build.0 = Debug|Any CPU
		{16A6FF27-285D-4B88-AF4C-600CAF4F259D}.Release|Any CPU.ActiveCfg = Release|Any CPU
		{16A6FF27-285D-4B88-AF4C-600CAF4F259D}.Release|Any CPU.Build.0 = Release|Any CPU
		{D6B6B3D6-4186-4F47-B082-3741AC9FB3E6}.Debug|Any CPU.ActiveCfg = Debug|Any CPU
		{D6B6B3D6-4186-4F47-B082-3741AC9FB3E6}.Debug|Any CPU.Build.0 = Debug|Any CPU
		{D6B6B3D6-4186-4F47-B082-3741AC9FB3E6}.Release|Any CPU.ActiveCfg = Release|Any CPU
		{D6B6B3D6-4186-4F47-B082-3741AC9FB3E6}.Release|Any CPU.Build.0 = Release|Any CPU
	EndGlobalSection
	GlobalSection(SolutionProperties) = preSolution
		HideSolutionNode = FALSE
	EndGlobalSection
	GlobalSection(NestedProjects) = preSolution
		{33FF209B-D278-4FCD-B58C-283C70DD7961} = {71B73D96-0D30-4BEE-B5C5-03881D79CCB1}
		{0F5461D4-24C5-4E9E-97DA-EDBFAACCE121} = {71B73D96-0D30-4BEE-B5C5-03881D79CCB1}
		{35EEF587-1DFF-49ED-8A4C-601854983AB0} = {71B73D96-0D30-4BEE-B5C5-03881D79CCB1}
		{91DDD13E-6025-4254-BEBE-85A31C05916B} = {10168E7E-2D63-47CC-8B1F-1D9508EE1C34}
		{101B3F34-5784-499E-AF8A-C06F94A2755B} = {10168E7E-2D63-47CC-8B1F-1D9508EE1C34}
		{1972BD34-A850-4DAB-87A4-2219D99E8B50} = {101B3F34-5784-499E-AF8A-C06F94A2755B}
		{16A6FF27-285D-4B88-AF4C-600CAF4F259D} = {101B3F34-5784-499E-AF8A-C06F94A2755B}
		{D6B6B3D6-4186-4F47-B082-3741AC9FB3E6} = {5576F094-4BF6-4E62-BBB4-2FF2EF880B38}
	EndGlobalSection
	GlobalSection(ExtensibilityGlobals) = postSolution
		SolutionGuid = {346A4C65-81DB-48FE-9B1B-E6CB64492C28}
	EndGlobalSection
EndGlobal
